
Microsoft Visual Studio Solution File, Format Version 12.00
# Visual Studio Version 17
VisualStudioVersion = 17.8.34330.188
MinimumVisualStudioVersion = 10.0.40219.1
Project("{FAE04EC0-301F-11D3-BF4B-00C04F79EFBC}") = "SalesWebMVC", "SalesWebMVC.csproj", "{192BCC94-3012-46EB-A77D-431514419B51}"
EndProject
Global
	GlobalSection(SolutionConfigurationPlatforms) = preSolution
		Debug|Any CPU = Debug|Any CPU
		Release|Any CPU = Release|Any CPU
	EndGlobalSection
	GlobalSection(ProjectConfigurationPlatforms) = postSolution
		{192BCC94-3012-46EB-A77D-431514419B51}.Debug|Any CPU.ActiveCfg = Debug|Any CPU
		{192BCC94-3012-46EB-A77D-431514419B51}.Debug|Any CPU.Build.0 = Debug|Any CPU
		{192BCC94-3012-46EB-A77D-431514419B51}.Release|Any CPU.ActiveCfg = Release|Any CPU
		{192BCC94-3012-46EB-A77D-431514419B51}.Release|Any CPU.Build.0 = Release|Any CPU
	EndGlobalSection
	GlobalSection(SolutionProperties) = preSolution
		HideSolutionNode = FALSE
	EndGlobalSection
	GlobalSection(ExtensibilityGlobals) = postSolution
		SolutionGuid = {75EEE163-1E68-4C9E-AB09-C8DADF375D11}
	EndGlobalSection
EndGlobal
